// !$*UTF8*$!
{
	archiveVersion = 1;
	classes = {
	};
	objectVersion = 50;
	objects = {

/* Begin PBXBuildFile section */
		3BB81D6C258D93670019F1A2 /* AppDelegate.swift in Sources */ = {isa = PBXBuildFile; fileRef = 3BB81D6B258D93670019F1A2 /* AppDelegate.swift */; };
		3BB81D6E258D93670019F1A2 /* SceneDelegate.swift in Sources */ = {isa = PBXBuildFile; fileRef = 3BB81D6D258D93670019F1A2 /* SceneDelegate.swift */; };
		3BB81D70258D93670019F1A2 /* ViewController.swift in Sources */ = {isa = PBXBuildFile; fileRef = 3BB81D6F258D93670019F1A2 /* ViewController.swift */; };
		3BB81D73258D93670019F1A2 /* Main.storyboard in Resources */ = {isa = PBXBuildFile; fileRef = 3BB81D71258D93670019F1A2 /* Main.storyboard */; };
		3BB81D75258D936A0019F1A2 /* Assets.xcassets in Resources */ = {isa = PBXBuildFile; fileRef = 3BB81D74258D936A0019F1A2 /* Assets.xcassets */; };
		3BB81D78258D936A0019F1A2 /* LaunchScreen.storyboard in Resources */ = {isa = PBXBuildFile; fileRef = 3BB81D76258D936A0019F1A2 /* LaunchScreen.storyboard */; };
		3BB81D81258D94430019F1A2 /* GoogleService-Info.plist in Resources */ = {isa = PBXBuildFile; fileRef = 3BB81D80258D94430019F1A2 /* GoogleService-Info.plist */; };
		F86414C45FE7DA1127A064BF /* Pods_a211HelloAuth.framework in Frameworks */ = {isa = PBXBuildFile; fileRef = 0263C32763454FD23F8E4DBF /* Pods_a211HelloAuth.framework */; };
/* End PBXBuildFile section */

/* Begin PBXFileReference section */
		0263C32763454FD23F8E4DBF /* Pods_a211HelloAuth.framework */ = {isa = PBXFileReference; explicitFileType = wrapper.framework; includeInIndex = 0; path = Pods_a211HelloAuth.framework; sourceTree = BUILT_PRODUCTS_DIR; };
		3BB81D68258D93670019F1A2 /* a211HelloAuth.app */ = {isa = PBXFileReference; explicitFileType = wrapper.application; includeInIndex = 0; path = a211HelloAuth.app; sourceTree = BUILT_PRODUCTS_DIR; };
		3BB81D6B258D93670019F1A2 /* AppDelegate.swift */ = {isa = PBXFileReference; lastKnownFileType = sourcecode.swift; path = AppDelegate.swift; sourceTree = "<group>"; };
		3BB81D6D258D93670019F1A2 /* SceneDelegate.swift */ = {isa = PBXFileReference; lastKnownFileType = sourcecode.swift; path = SceneDelegate.swift; sourceTree = "<group>"; };
		3BB81D6F258D93670019F1A2 /* ViewController.swift */ = {isa = PBXFileReference; lastKnownFileType = sourcecode.swift; path = ViewController.swift; sourceTree = "<group>"; };
		3BB81D72258D93670019F1A2 /* Base */ = {isa = PBXFileReference; lastKnownFileType = file.storyboard; name = Base; path = Base.lproj/Main.storyboard; sourceTree = "<group>"; };
		3BB81D74258D936A0019F1A2 /* Assets.xcassets */ = {isa = PBXFileReference; lastKnownFileType = folder.assetcatalog; path = Assets.xcassets; sourceTree = "<group>"; };
		3BB81D77258D936A0019F1A2 /* Base */ = {isa = PBXFileReference; lastKnownFileType = file.storyboard; name = Base; path = Base.lproj/LaunchScreen.storyboard; sourceTree = "<group>"; };
		3BB81D79258D936A0019F1A2 /* Info.plist */ = {isa = PBXFileReference; lastKnownFileType = text.plist.xml; path = Info.plist; sourceTree = "<group>"; };
		3BB81D80258D94430019F1A2 /* GoogleService-Info.plist */ = {isa = PBXFileReference; fileEncoding = 4; lastKnownFileType = text.plist.xml; path = "GoogleService-Info.plist"; sourceTree = "<group>"; };
		3F6604F9C7BD07CAFC8C92F6 /* Pods-a211HelloAuth.release.xcconfig */ = {isa = PBXFileReference; includeInIndex = 1; lastKnownFileType = text.xcconfig; name = "Pods-a211HelloAuth.release.xcconfig"; path = "Target Support Files/Pods-a211HelloAuth/Pods-a211HelloAuth.release.xcconfig"; sourceTree = "<group>"; };
		635944ACAD6ACCCEB68BA5AA /* Pods-a211HelloAuth.debug.xcconfig */ = {isa = PBXFileReference; includeInIndex = 1; lastKnownFileType = text.xcconfig; name = "Pods-a211HelloAuth.debug.xcconfig"; path = "Target Support Files/Pods-a211HelloAuth/Pods-a211HelloAuth.debug.xcconfig"; sourceTree = "<group>"; };
/* End PBXFileReference section */

/* Begin PBXFrameworksBuildPhase section */
		3BB81D65258D93670019F1A2 /* Frameworks */ = {
			isa = PBXFrameworksBuildPhase;
			buildActionMask = 2147483647;
			files = (
				F86414C45FE7DA1127A064BF /* Pods_a211HelloAuth.framework in Frameworks */,
			);
			runOnlyForDeploymentPostprocessing = 0;
		};
/* End PBXFrameworksBuildPhase section */

/* Begin PBXGroup section */
		3BB81D5F258D93670019F1A2 = {
			isa = PBXGroup;
			children = (
				3BB81D80258D94430019F1A2 /* GoogleService-Info.plist */,
				3BB81D6A258D93670019F1A2 /* a211HelloAuth */,
				3BB81D69258D93670019F1A2 /* Products */,
				71BB39B252B2BD65A628C529 /* Pods */,
				4667A083285B30503F11D344 /* Frameworks */,
			);
			sourceTree = "<group>";
		};
		3BB81D69258D93670019F1A2 /* Products */ = {
			isa = PBXGroup;
			children = (
				3BB81D68258D93670019F1A2 /* a211HelloAuth.app */,
			);
			name = Products;
			sourceTree = "<group>";
		};
		3BB81D6A258D93670019F1A2 /* a211HelloAuth */ = {
			isa = PBXGroup;
			children = (
				3BB81D6B258D93670019F1A2 /* AppDelegate.swift */,
				3BB81D6D258D93670019F1A2 /* SceneDelegate.swift */,
				3BB81D6F258D93670019F1A2 /* ViewController.swift */,
				3BB81D71258D93670019F1A2 /* Main.storyboard */,
				3BB81D74258D936A0019F1A2 /* Assets.xcassets */,
				3BB81D76258D936A0019F1A2 /* LaunchScreen.storyboard */,
				3BB81D79258D936A0019F1A2 /* Info.plist */,
			);
			path = a211HelloAuth;
			sourceTree = "<group>";
		};
		4667A083285B30503F11D344 /* Frameworks */ = {
			isa = PBXGroup;
			children = (
				0263C32763454FD23F8E4DBF /* Pods_a211HelloAuth.framework */,
			);
			name = Frameworks;
			sourceTree = "<group>";
		};
		71BB39B252B2BD65A628C529 /* Pods */ = {
			isa = PBXGroup;
			children = (
				635944ACAD6ACCCEB68BA5AA /* Pods-a211HelloAuth.debug.xcconfig */,
				3F6604F9C7BD07CAFC8C92F6 /* Pods-a211HelloAuth.release.xcconfig */,
			);
			name = Pods;
			path = Pods;
			sourceTree = "<group>";
		};
/* End PBXGroup section */

/* Begin PBXNativeTarget section */
		3BB81D67258D93670019F1A2 /* a211HelloAuth */ = {
			isa = PBXNativeTarget;
			buildConfigurationList = 3BB81D7C258D936A0019F1A2 /* Build configuration list for PBXNativeTarget "a211HelloAuth" */;
			buildPhases = (
				43161CE863D7D4A66252DFDE /* [CP] Check Pods Manifest.lock */,
				3BB81D64258D93670019F1A2 /* Sources */,
				3BB81D65258D93670019F1A2 /* Frameworks */,
				3BB81D66258D93670019F1A2 /* Resources */,
				4EFDA3411B3C3788076010F9 /* [CP] Embed Pods Frameworks */,
			);
			buildRules = (
			);
			dependencies = (
			);
			name = a211HelloAuth;
			productName = a211HelloAuth;
			productReference = 3BB81D68258D93670019F1A2 /* a211HelloAuth.app */;
			productType = "com.apple.product-type.application";
		};
/* End PBXNativeTarget section */

/* Begin PBXProject section */
		3BB81D60258D93670019F1A2 /* Project object */ = {
			isa = PBXProject;
			attributes = {
				LastSwiftUpdateCheck = 1230;
				LastUpgradeCheck = 1230;
				TargetAttributes = {
					3BB81D67258D93670019F1A2 = {
						CreatedOnToolsVersion = 12.3;
					};
				};
			};
			buildConfigurationList = 3BB81D63258D93670019F1A2 /* Build configuration list for PBXProject "a211HelloAuth" */;
			compatibilityVersion = "Xcode 9.3";
			developmentRegion = en;
			hasScannedForEncodings = 0;
			knownRegions = (
				en,
				Base,
			);
			mainGroup = 3BB81D5F258D93670019F1A2;
			productRefGroup = 3BB81D69258D93670019F1A2 /* Products */;
			projectDirPath = "";
			projectRoot = "";
			targets = (
				3BB81D67258D93670019F1A2 /* a211HelloAuth */,
			);
		};
/* End PBXProject section */

/* Begin PBXResourcesBuildPhase section */
		3BB81D66258D93670019F1A2 /* Resources */ = {
			isa = PBXResourcesBuildPhase;
			buildActionMask = 2147483647;
			files = (
				3BB81D78258D936A0019F1A2 /* LaunchScreen.storyboard in Resources */,
				3BB81D81258D94430019F1A2 /* GoogleService-Info.plist in Resources */,
				3BB81D75258D936A0019F1A2 /* Assets.xcassets in Resources */,
				3BB81D73258D93670019F1A2 /* Main.storyboard in Resources */,
			);
			runOnlyForDeploymentPostprocessing = 0;
		};
/* End PBXResourcesBuildPhase section */

/* Begin PBXShellScriptBuildPhase section */
		43161CE863D7D4A66252DFDE /* [CP] Check Pods Manifest.lock */ = {
			isa = PBXShellScriptBuildPhase;
			buildActionMask = 2147483647;
			files = (
			);
			inputFileListPaths = (
			);
			inputPaths = (
				"${PODS_PODFILE_DIR_PATH}/Podfile.lock",
				"${PODS_ROOT}/Manifest.lock",
			);
			name = "[CP] Check Pods Manifest.lock";
			outputFileListPaths = (
			);
			outputPaths = (
				"$(DERIVED_FILE_DIR)/Pods-a211HelloAuth-checkManifestLockResult.txt",
			);
			runOnlyForDeploymentPostprocessing = 0;
			shellPath = /bin/sh;
			shellScript = "diff \"${PODS_PODFILE_DIR_PATH}/Podfile.lock\" \"${PODS_ROOT}/Manifest.lock\" > /dev/null\nif [ $? != 0 ] ; then\n    # print error to STDERR\n    echo \"error: The sandbox is not in sync with the Podfile.lock. Run 'pod install' or update your CocoaPods installation.\" >&2\n    exit 1\nfi\n# This output is used by Xcode 'outputs' to avoid re-running this script phase.\necho \"SUCCESS\" > \"${SCRIPT_OUTPUT_FILE_0}\"\n";
			showEnvVarsInLog = 0;
		};
		4EFDA3411B3C3788076010F9 /* [CP] Embed Pods Frameworks */ = {
			isa = PBXShellScriptBuildPhase;
			buildActionMask = 2147483647;
			files = (
			);
			inputFileListPaths = (
				"${PODS_ROOT}/Target Support Files/Pods-a211HelloAuth/Pods-a211HelloAuth-frameworks-${CONFIGURATION}-input-files.xcfilelist",
			);
			name = "[CP] Embed Pods Frameworks";
			outputFileListPaths = (
				"${PODS_ROOT}/Target Support Files/Pods-a211HelloAuth/Pods-a211HelloAuth-frameworks-${CONFIGURATION}-output-files.xcfilelist",
			);
			runOnlyForDeploymentPostprocessing = 0;
			shellPath = /bin/sh;
			shellScript = "\"${PODS_ROOT}/Target Support Files/Pods-a211HelloAuth/Pods-a211HelloAuth-frameworks.sh\"\n";
			showEnvVarsInLog = 0;
		};
/* End PBXShellScriptBuildPhase section */

/* Begin PBXSourcesBuildPhase section */
		3BB81D64258D93670019F1A2 /* Sources */ = {
			isa = PBXSourcesBuildPhase;
			buildActionMask = 2147483647;
			files = (
				3BB81D70258D93670019F1A2 /* ViewController.swift in Sources */,
				3BB81D6C258D93670019F1A2 /* AppDelegate.swift in Sources */,
				3BB81D6E258D93670019F1A2 /* SceneDelegate.swift in Sources */,
			);
			runOnlyForDeploymentPostprocessing = 0;
		};
/* End PBXSourcesBuildPhase section */

/* Begin PBXVariantGroup section */
		3BB81D71258D93670019F1A2 /* Main.storyboard */ = {
			isa = PBXVariantGroup;
			children = (
				3BB81D72258D93670019F1A2 /* Base */,
			);
			name = Main.storyboard;
			sourceTree = "<group>";
		};
		3BB81D76258D936A0019F1A2 /* LaunchScreen.storyboard */ = {
			isa = PBXVariantGroup;
			children = (
				3BB81D77258D936A0019F1A2 /* Base */,
			);
			name = LaunchScreen.storyboard;
			sourceTree = "<group>";
		};
/* End PBXVariantGroup section */

/* Begin XCBuildConfiguration section */
		3BB81D7A258D936A0019F1A2 /* Debug */ = {
			isa = XCBuildConfiguration;
			buildSettings = {
				ALWAYS_SEARCH_USER_PATHS = NO;
				CLANG_ANALYZER_NONNULL = YES;
				CLANG_ANALYZER_NUMBER_OBJECT_CONVERSION = YES_AGGRESSIVE;
				CLANG_CXX_LANGUAGE_STANDARD = "gnu++14";
				CLANG_CXX_LIBRARY = "libc++";
				CLANG_ENABLE_MODULES = YES;
				CLANG_ENABLE_OBJC_ARC = YES;
				CLANG_ENABLE_OBJC_WEAK = YES;
				CLANG_WARN_BLOCK_CAPTURE_AUTORELEASING = YES;
				CLANG_WARN_BOOL_CONVERSION = YES;
				CLANG_WARN_COMMA = YES;
				CLANG_WARN_CONSTANT_CONVERSION = YES;
				CLANG_WARN_DEPRECATED_OBJC_IMPLEMENTATIONS = YES;
				CLANG_WARN_DIRECT_OBJC_ISA_USAGE = YES_ERROR;
				CLANG_WARN_DOCUMENTATION_COMMENTS = YES;
				CLANG_WARN_EMPTY_BODY = YES;
				CLANG_WARN_ENUM_CONVERSION = YES;
				CLANG_WARN_INFINITE_RECURSION = YES;
				CLANG_WARN_INT_CONVERSION = YES;
				CLANG_WARN_NON_LITERAL_NULL_CONVERSION = YES;
				CLANG_WARN_OBJC_IMPLICIT_RETAIN_SELF = YES;
				CLANG_WARN_OBJC_LITERAL_CONVERSION = YES;
				CLANG_WARN_OBJC_ROOT_CLASS = YES_ERROR;
				CLANG_WARN_QUOTED_INCLUDE_IN_FRAMEWORK_HEADER = YES;
				CLANG_WARN_RANGE_LOOP_ANALYSIS = YES;
				CLANG_WARN_STRICT_PROTOTYPES = YES;
				CLANG_WARN_SUSPICIOUS_MOVE = YES;
				CLANG_WARN_UNGUARDED_AVAILABILITY = YES_AGGRESSIVE;
				CLANG_WARN_UNREACHABLE_CODE = YES;
				CLANG_WARN__DUPLICATE_METHOD_MATCH = YES;
				COPY_PHASE_STRIP = NO;
				DEBUG_INFORMATION_FORMAT = dwarf;
				ENABLE_STRICT_OBJC_MSGSEND = YES;
				ENABLE_TESTABILITY = YES;
				GCC_C_LANGUAGE_STANDARD = gnu11;
				GCC_DYNAMIC_NO_PIC = NO;
				GCC_NO_COMMON_BLOCKS = YES;
				GCC_OPTIMIZATION_LEVEL = 0;
				GCC_PREPROCESSOR_DEFINITIONS = (
					"DEBUG=1",
					"$(inherited)",
				);
				GCC_WARN_64_TO_32_BIT_CONVERSION = YES;
				GCC_WARN_ABOUT_RETURN_TYPE = YES_ERROR;
				GCC_WARN_UNDECLARED_SELECTOR = YES;
				GCC_WARN_UNINITIALIZED_AUTOS = YES_AGGRESSIVE;
				GCC_WARN_UNUSED_FUNCTION = YES;
				GCC_WARN_UNUSED_VARIABLE = YES;
				IPHONEOS_DEPLOYMENT_TARGET = 13.0;
				MTL_ENABLE_DEBUG_INFO = INCLUDE_SOURCE;
				MTL_FAST_MATH = YES;
				ONLY_ACTIVE_ARCH = YES;
				SDKROOT = iphoneos;
				SWIFT_ACTIVE_COMPILATION_CONDITIONS = DEBUG;
				SWIFT_OPTIMIZATION_LEVEL = "-Onone";
			};
			name = Debug;
		};
		3BB81D7B258D936A0019F1A2 /* Release */ = {
			isa = XCBuildConfiguration;
			buildSettings = {
				ALWAYS_SEARCH_USER_PATHS = NO;
				CLANG_ANALYZER_NONNULL = YES;
				CLANG_ANALYZER_NUMBER_OBJECT_CONVERSION = YES_AGGRESSIVE;
				CLANG_CXX_LANGUAGE_STANDARD = "gnu++14";
				CLANG_CXX_LIBRARY = "libc++";
				CLANG_ENABLE_MODULES = YES;
				CLANG_ENABLE_OBJC_ARC = YES;
				CLANG_ENABLE_OBJC_WEAK = YES;
				CLANG_WARN_BLOCK_CAPTURE_AUTORELEASING = YES;
				CLANG_WARN_BOOL_CONVERSION = YES;
				CLANG_WARN_COMMA = YES;
				CLANG_WARN_CONSTANT_CONVERSION = YES;
				CLANG_WARN_DEPRECATED_OBJC_IMPLEMENTATIONS = YES;
				CLANG_WARN_DIRECT_OBJC_ISA_USAGE = YES_ERROR;
				CLANG_WARN_DOCUMENTATION_COMMENTS = YES;
				CLANG_WARN_EMPTY_BODY = YES;
				CLANG_WARN_ENUM_CONVERSION = YES;
				CLANG_WARN_INFINITE_RECURSION = YES;
				CLANG_WARN_INT_CONVERSION = YES;
				CLANG_WARN_NON_LITERAL_NULL_CONVERSION = YES;
				CLANG_WARN_OBJC_IMPLICIT_RETAIN_SELF = YES;
				CLANG_WARN_OBJC_LITERAL_CONVERSION = YES;
				CLANG_WARN_OBJC_ROOT_CLASS = YES_ERROR;
				CLANG_WARN_QUOTED_INCLUDE_IN_FRAMEWORK_HEADER = YES;
				CLANG_WARN_RANGE_LOOP_ANALYSIS = YES;
				CLANG_WARN_STRICT_PROTOTYPES = YES;
				CLANG_WARN_SUSPICIOUS_MOVE = YES;
				CLANG_WARN_UNGUARDED_AVAILABILITY = YES_AGGRESSIVE;
				CLANG_WARN_UNREACHABLE_CODE = YES;
				CLANG_WARN__DUPLICATE_METHOD_MATCH = YES;
				COPY_PHASE_STRIP = NO;
				DEBUG_INFORMATION_FORMAT = "dwarf-with-dsym";
				ENABLE_NS_ASSERTIONS = NO;
				ENABLE_STRICT_OBJC_MSGSEND = YES;
				GCC_C_LANGUAGE_STANDARD = gnu11;
				GCC_NO_COMMON_BLOCKS = YES;
				GCC_WARN_64_TO_32_BIT_CONVERSION = YES;
				GCC_WARN_ABOUT_RETURN_TYPE = YES_ERROR;
				GCC_WARN_UNDECLARED_SELECTOR = YES;
				GCC_WARN_UNINITIALIZED_AUTOS = YES_AGGRESSIVE;
				GCC_WARN_UNUSED_FUNCTION = YES;
				GCC_WARN_UNUSED_VARIABLE = YES;
				IPHONEOS_DEPLOYMENT_TARGET = 13.0;
				MTL_ENABLE_DEBUG_INFO = NO;
				MTL_FAST_MATH = YES;
				SDKROOT = iphoneos;
				SWIFT_COMPILATION_MODE = wholemodule;
				SWIFT_OPTIMIZATION_LEVEL = "-O";
				VALIDATE_PRODUCT = YES;
			};
			name = Release;
		};
		3BB81D7D258D936A0019F1A2 /* Debug */ = {
			isa = XCBuildConfiguration;
			baseConfigurationReference = 635944ACAD6ACCCEB68BA5AA /* Pods-a211HelloAuth.debug.xcconfig */;
			buildSettings = {
				ASSETCATALOG_COMPILER_APPICON_NAME = AppIcon;
				ASSETCATALOG_COMPILER_GLOBAL_ACCENT_COLOR_NAME = AccentColor;
				CODE_SIGN_STYLE = Automatic;
				DEVELOPMENT_TEAM = XSVW22JPST;
				INFOPLIST_FILE = a211HelloAuth/Info.plist;
				LD_RUNPATH_SEARCH_PATHS = (
					"$(inherited)",
					"@executable_path/Frameworks",
				);
				PRODUCT_BUNDLE_IDENTIFIER = idv.sjw.a211HelloAuth;
				PRODUCT_NAME = "$(TARGET_NAME)";
				SWIFT_VERSION = 5.0;
				TARGETED_DEVICE_FAMILY = "1,2";
			};
			name = Debug;
		};
		3BB81D7E258D936A0019F1A2 /* Release */ = {
			isa = XCBuildConfiguration;
			baseConfigurationReference = 3F6604F9C7BD07CAFC8C92F6 /* Pods-a211HelloAuth.release.xcconfig */;
			buildSettings = {
				ASSETCATALOG_COMPILER_APPICON_NAME = AppIcon;
				ASSETCATALOG_COMPILER_GLOBAL_ACCENT_COLOR_NAME = AccentColor;
				CODE_SIGN_STYLE = Automatic;
				DEVELOPMENT_TEAM = XSVW22JPST;
				INFOPLIST_FILE = a211HelloAuth/Info.plist;
				LD_RUNPATH_SEARCH_PATHS = (
					"$(inherited)",
					"@executable_path/Frameworks",
				);
				PRODUCT_BUNDLE_IDENTIFIER = idv.sjw.a211HelloAuth;
				PRODUCT_NAME = "$(TARGET_NAME)";
				SWIFT_VERSION = 5.0;
				TARGETED_DEVICE_FAMILY = "1,2";
			};
			name = Release;
		};
/* End XCBuildConfiguration section */

/* Begin XCConfigurationList section */
		3BB81D63258D93670019F1A2 /* Build configuration list for PBXProject "a211HelloAuth" */ = {
			isa = XCConfigurationList;
			buildConfigurations = (
				3BB81D7A258D936A0019F1A2 /* Debug */,
				3BB81D7B258D936A0019F1A2 /* Release */,
			);
			defaultConfigurationIsVisible = 0;
			defaultConfigurationName = Release;
		};
		3BB81D7C258D936A0019F1A2 /* Build configuration list for PBXNativeTarget "a211HelloAuth" */ = {
			isa = XCConfigurationList;
			buildConfigurations = (
				3BB81D7D258D936A0019F1A2 /* Debug */,
				3BB81D7E258D936A0019F1A2 /* Release */,
			);
			defaultConfigurationIsVisible = 0;
			defaultConfigurationName = Release;
		};
/* End XCConfigurationList section */
	};
	rootObject = 3BB81D60258D93670019F1A2 /* Project object */;
}
